
Microsoft Visual Studio Solution File, Format Version 12.00
Project("{2150E333-8FDC-42A3-9474-1A3956D46DE8}") = "src", "src", "{2E158249-1E6B-4676-B941-76C019F6C7ED}"
EndProject
Project("{2150E333-8FDC-42A3-9474-1A3956D46DE8}") = "tests", "tests", "{3ACA4521-FBD8-4C5E-A28F-08B430771659}"
EndProject
Project("{FAE04EC0-301F-11D3-BF4B-00C04F79EFBC}") = "Ativos.Api", "src\Ativos.Api\Ativos.Api.csproj", "{0A922D7D-6932-4AF3-8BCA-E52ED12B8337}"
EndProject
Project("{FAE04EC0-301F-11D3-BF4B-00C04F79EFBC}") = "Ativos.Application", "src\Ativos.Application\Ativos.Application.csproj", "{B18D35CA-F5E8-4FC6-9436-74DB6ED241CD}"
EndProject
Project("{FAE04EC0-301F-11D3-BF4B-00C04F79EFBC}") = "Ativos.Domain", "src\Ativos.Domain\Ativos.Domain.csproj", "{CD88BCB4-6AEF-4D53-92A8-BE06E5DD0DCB}"
EndProject
Project("{FAE04EC0-301F-11D3-BF4B-00C04F79EFBC}") = "Ativos.Communication", "src\Ativos.Communication\Ativos.Communication.csproj", "{DF87FCF1-0210-4B89-B5C1-4637EF647492}"
EndProject
Project("{FAE04EC0-301F-11D3-BF4B-00C04F79EFBC}") = "Ativos.Infrastructure", "src\Ativos.Infrastructure\Ativos.Infrastructure.csproj", "{72F95206-2D23-40ED-BA2E-B2278540A70B}"
EndProject
Project("{FAE04EC0-301F-11D3-BF4B-00C04F79EFBC}") = "Ativos.Exception", "src\Ativos.Exception\Ativos.Exception.csproj", "{CE283E83-8808-419E-A32B-54E8E3A9BB4C}"
EndProject
Project("{FAE04EC0-301F-11D3-BF4B-00C04F79EFBC}") = "Validators.tests", "tests\Validators.tests\Validators.tests.csproj", "{3B510828-A46C-40BB-916D-662AA6F78323}"
EndProject
Project("{FAE04EC0-301F-11D3-BF4B-00C04F79EFBC}") = "CommonTestUtilities", "tests\CommonTestUtilities\CommonTestUtilities.csproj", "{3FCD448C-768A-4E60-B6A9-E6CC19CEAC83}"
EndProject
Project("{FAE04EC0-301F-11D3-BF4B-00C04F79EFBC}") = "UseCases.Test", "tests\UseCases.Test\UseCases.Test.csproj", "{61D1D1B2-03B0-4164-80CC-1D2D4321D46E}"
EndProject
Project("{FAE04EC0-301F-11D3-BF4B-00C04F79EFBC}") = "WebApi.Test", "tests\WebApi.Test\WebApi.Test.csproj", "{3EA4E4F1-1075-471D-AF5B-9BB7353996DD}"
EndProject
Global
	GlobalSection(SolutionConfigurationPlatforms) = preSolution
		Debug|Any CPU = Debug|Any CPU
		Release|Any CPU = Release|Any CPU
	EndGlobalSection
	GlobalSection(NestedProjects) = preSolution
		{0A922D7D-6932-4AF3-8BCA-E52ED12B8337} = {2E158249-1E6B-4676-B941-76C019F6C7ED}
		{B18D35CA-F5E8-4FC6-9436-74DB6ED241CD} = {2E158249-1E6B-4676-B941-76C019F6C7ED}
		{CD88BCB4-6AEF-4D53-92A8-BE06E5DD0DCB} = {2E158249-1E6B-4676-B941-76C019F6C7ED}
		{DF87FCF1-0210-4B89-B5C1-4637EF647492} = {2E158249-1E6B-4676-B941-76C019F6C7ED}
		{72F95206-2D23-40ED-BA2E-B2278540A70B} = {2E158249-1E6B-4676-B941-76C019F6C7ED}
		{CE283E83-8808-419E-A32B-54E8E3A9BB4C} = {2E158249-1E6B-4676-B941-76C019F6C7ED}
		{3B510828-A46C-40BB-916D-662AA6F78323} = {3ACA4521-FBD8-4C5E-A28F-08B430771659}
		{3FCD448C-768A-4E60-B6A9-E6CC19CEAC83} = {3ACA4521-FBD8-4C5E-A28F-08B430771659}
		{61D1D1B2-03B0-4164-80CC-1D2D4321D46E} = {3ACA4521-FBD8-4C5E-A28F-08B430771659}
		{3EA4E4F1-1075-471D-AF5B-9BB7353996DD} = {3ACA4521-FBD8-4C5E-A28F-08B430771659}
	EndGlobalSection
	GlobalSection(ProjectConfigurationPlatforms) = postSolution
		{0A922D7D-6932-4AF3-8BCA-E52ED12B8337}.Debug|Any CPU.ActiveCfg = Debug|Any CPU
		{0A922D7D-6932-4AF3-8BCA-E52ED12B8337}.Debug|Any CPU.Build.0 = Debug|Any CPU
		{0A922D7D-6932-4AF3-8BCA-E52ED12B8337}.Release|Any CPU.ActiveCfg = Release|Any CPU
		{0A922D7D-6932-4AF3-8BCA-E52ED12B8337}.Release|Any CPU.Build.0 = Release|Any CPU
		{B18D35CA-F5E8-4FC6-9436-74DB6ED241CD}.Debug|Any CPU.ActiveCfg = Debug|Any CPU
		{B18D35CA-F5E8-4FC6-9436-74DB6ED241CD}.Debug|Any CPU.Build.0 = Debug|Any CPU
		{B18D35CA-F5E8-4FC6-9436-74DB6ED241CD}.Release|Any CPU.ActiveCfg = Release|Any CPU
		{B18D35CA-F5E8-4FC6-9436-74DB6ED241CD}.Release|Any CPU.Build.0 = Release|Any CPU
		{CD88BCB4-6AEF-4D53-92A8-BE06E5DD0DCB}.Debug|Any CPU.ActiveCfg = Debug|Any CPU
		{CD88BCB4-6AEF-4D53-92A8-BE06E5DD0DCB}.Debug|Any CPU.Build.0 = Debug|Any CPU
		{CD88BCB4-6AEF-4D53-92A8-BE06E5DD0DCB}.Release|Any CPU.ActiveCfg = Release|Any CPU
		{CD88BCB4-6AEF-4D53-92A8-BE06E5DD0DCB}.Release|Any CPU.Build.0 = Release|Any CPU
		{DF87FCF1-0210-4B89-B5C1-4637EF647492}.Debug|Any CPU.ActiveCfg = Debug|Any CPU
		{DF87FCF1-0210-4B89-B5C1-4637EF647492}.Debug|Any CPU.Build.0 = Debug|Any CPU
		{DF87FCF1-0210-4B89-B5C1-4637EF647492}.Release|Any CPU.ActiveCfg = Release|Any CPU
		{DF87FCF1-0210-4B89-B5C1-4637EF647492}.Release|Any CPU.Build.0 = Release|Any CPU
		{72F95206-2D23-40ED-BA2E-B2278540A70B}.Debug|Any CPU.ActiveCfg = Debug|Any CPU
		{72F95206-2D23-40ED-BA2E-B2278540A70B}.Debug|Any CPU.Build.0 = Debug|Any CPU
		{72F95206-2D23-40ED-BA2E-B2278540A70B}.Release|Any CPU.ActiveCfg = Release|Any CPU
		{72F95206-2D23-40ED-BA2E-B2278540A70B}.Release|Any CPU.Build.0 = Release|Any CPU
		{CE283E83-8808-419E-A32B-54E8E3A9BB4C}.Debug|Any CPU.ActiveCfg = Debug|Any CPU
		{CE283E83-8808-419E-A32B-54E8E3A9BB4C}.Debug|Any CPU.Build.0 = Debug|Any CPU
		{CE283E83-8808-419E-A32B-54E8E3A9BB4C}.Release|Any CPU.ActiveCfg = Release|Any CPU
		{CE283E83-8808-419E-A32B-54E8E3A9BB4C}.Release|Any CPU.Build.0 = Release|Any CPU
		{3B510828-A46C-40BB-916D-662AA6F78323}.Debug|Any CPU.ActiveCfg = Debug|Any CPU
		{3B510828-A46C-40BB-916D-662AA6F78323}.Debug|Any CPU.Build.0 = Debug|Any CPU
		{3B510828-A46C-40BB-916D-662AA6F78323}.Release|Any CPU.ActiveCfg = Release|Any CPU
		{3B510828-A46C-40BB-916D-662AA6F78323}.Release|Any CPU.Build.0 = Release|Any CPU
		{3FCD448C-768A-4E60-B6A9-E6CC19CEAC83}.Debug|Any CPU.ActiveCfg = Debug|Any CPU
		{3FCD448C-768A-4E60-B6A9-E6CC19CEAC83}.Debug|Any CPU.Build.0 = Debug|Any CPU
		{3FCD448C-768A-4E60-B6A9-E6CC19CEAC83}.Release|Any CPU.ActiveCfg = Release|Any CPU
		{3FCD448C-768A-4E60-B6A9-E6CC19CEAC83}.Release|Any CPU.Build.0 = Release|Any CPU
		{61D1D1B2-03B0-4164-80CC-1D2D4321D46E}.Debug|Any CPU.ActiveCfg = Debug|Any CPU
		{61D1D1B2-03B0-4164-80CC-1D2D4321D46E}.Debug|Any CPU.Build.0 = Debug|Any CPU
		{61D1D1B2-03B0-4164-80CC-1D2D4321D46E}.Release|Any CPU.ActiveCfg = Release|Any CPU
		{61D1D1B2-03B0-4164-80CC-1D2D4321D46E}.Release|Any CPU.Build.0 = Release|Any CPU
		{3EA4E4F1-1075-471D-AF5B-9BB7353996DD}.Debug|Any CPU.ActiveCfg = Debug|Any CPU
		{3EA4E4F1-1075-471D-AF5B-9BB7353996DD}.Debug|Any CPU.Build.0 = Debug|Any CPU
		{3EA4E4F1-1075-471D-AF5B-9BB7353996DD}.Release|Any CPU.ActiveCfg = Release|Any CPU
		{3EA4E4F1-1075-471D-AF5B-9BB7353996DD}.Release|Any CPU.Build.0 = Release|Any CPU
	EndGlobalSection
EndGlobal
